
Microsoft Visual Studio Solution File, Format Version 12.00
# Visual Studio Version 16
VisualStudioVersion = 16.0.30907.101
MinimumVisualStudioVersion = 10.0.40219.1
Project("{FAE04EC0-301F-11D3-BF4B-00C04F79EFBC}") = "SQLServerAPI", "SQLServerAPI\SQLServerAPI.csproj", "{84BBC5A9-0998-48D5-B072-9DF6F924BBDB}"
EndProject
Global
	GlobalSection(SolutionConfigurationPlatforms) = preSolution
		Debug|Any CPU = Debug|Any CPU
		Release|Any CPU = Release|Any CPU
	EndGlobalSection
	GlobalSection(ProjectConfigurationPlatforms) = postSolution
		{84BBC5A9-0998-48D5-B072-9DF6F924BBDB}.Debug|Any CPU.ActiveCfg = Debug|Any CPU
		{84BBC5A9-0998-48D5-B072-9DF6F924BBDB}.Debug|Any CPU.Build.0 = Debug|Any CPU
		{84BBC5A9-0998-48D5-B072-9DF6F924BBDB}.Release|Any CPU.ActiveCfg = Release|Any CPU
		{84BBC5A9-0998-48D5-B072-9DF6F924BBDB}.Release|Any CPU.Build.0 = Release|Any CPU
	EndGlobalSection
	GlobalSection(SolutionProperties) = preSolution
		HideSolutionNode = FALSE
	EndGlobalSection
	GlobalSection(ExtensibilityGlobals) = postSolution
		SolutionGuid = {50E01500-1C70-47CB-9936-6E7CB6EDAF81}
	EndGlobalSection
EndGlobal
